{
  "name": "automation-ocr",
  "lockfileVersion": 3,
  "requires": true,
  "packages": {
    "": {
      "dependencies": {
        "gemini-internal": "^0.0.1-security"
      }
    },
    "node_modules/gemini-internal": {
      "version": "0.0.1-security",
      "resolved": "https://registry.npmjs.org/gemini-internal/-/gemini-internal-0.0.1-security.tgz",
      "integrity": "sha512-1onzS03AXgA9Vz/RCHH/V6j9kASRRkXW3GvUTV4qGdsQenllFWiknemjBuVKD3HRiJWMCcKchY/5ZohMf7Z2hQ=="
    }
  }
}
